
Microsoft Visual Studio Solution File, Format Version 12.00
# Visual Studio Version 17
VisualStudioVersion = 17.1.32210.238
MinimumVisualStudioVersion = 10.0.40219.1
Project("{FAE04EC0-301F-11D3-BF4B-00C04F79EFBC}") = "Sample.Application", "Sample.Application\Sample.Application.csproj", "{73F7F724-2817-4957-93BF-1A61702887DC}"
EndProject
Project("{FAE04EC0-301F-11D3-BF4B-00C04F79EFBC}") = "Sample.Presentation", "Sample.Presentation\Sample.Presentation.csproj", "{B98FBB02-8BE7-4484-9547-DF326C15636B}"
EndProject
Project("{FAE04EC0-301F-11D3-BF4B-00C04F79EFBC}") = "Sample.Domain", "Sample.Domain\Sample.Domain.csproj", "{4DCF793F-3120-48CE-8072-A138E8C45ED4}"
EndProject
Project("{FAE04EC0-301F-11D3-BF4B-00C04F79EFBC}") = "Sample.Infraestructure", "Sample.Infraestructure\Sample.Infraestructure.csproj", "{89C581AB-315F-422C-AC8A-5CC99941C1B4}"
EndProject
Global
	GlobalSection(SolutionConfigurationPlatforms) = preSolution
		Debug|Any CPU = Debug|Any CPU
		Release|Any CPU = Release|Any CPU
	EndGlobalSection
	GlobalSection(ProjectConfigurationPlatforms) = postSolution
		{73F7F724-2817-4957-93BF-1A61702887DC}.Debug|Any CPU.ActiveCfg = Debug|Any CPU
		{73F7F724-2817-4957-93BF-1A61702887DC}.Debug|Any CPU.Build.0 = Debug|Any CPU
		{73F7F724-2817-4957-93BF-1A61702887DC}.Release|Any CPU.ActiveCfg = Release|Any CPU
		{73F7F724-2817-4957-93BF-1A61702887DC}.Release|Any CPU.Build.0 = Release|Any CPU
		{B98FBB02-8BE7-4484-9547-DF326C15636B}.Debug|Any CPU.ActiveCfg = Debug|Any CPU
		{B98FBB02-8BE7-4484-9547-DF326C15636B}.Debug|Any CPU.Build.0 = Debug|Any CPU
		{B98FBB02-8BE7-4484-9547-DF326C15636B}.Release|Any CPU.ActiveCfg = Release|Any CPU
		{B98FBB02-8BE7-4484-9547-DF326C15636B}.Release|Any CPU.Build.0 = Release|Any CPU
		{4DCF793F-3120-48CE-8072-A138E8C45ED4}.Debug|Any CPU.ActiveCfg = Debug|Any CPU
		{4DCF793F-3120-48CE-8072-A138E8C45ED4}.Debug|Any CPU.Build.0 = Debug|Any CPU
		{4DCF793F-3120-48CE-8072-A138E8C45ED4}.Release|Any CPU.ActiveCfg = Release|Any CPU
		{4DCF793F-3120-48CE-8072-A138E8C45ED4}.Release|Any CPU.Build.0 = Release|Any CPU
		{89C581AB-315F-422C-AC8A-5CC99941C1B4}.Debug|Any CPU.ActiveCfg = Debug|Any CPU
		{89C581AB-315F-422C-AC8A-5CC99941C1B4}.Debug|Any CPU.Build.0 = Debug|Any CPU
		{89C581AB-315F-422C-AC8A-5CC99941C1B4}.Release|Any CPU.ActiveCfg = Release|Any CPU
		{89C581AB-315F-422C-AC8A-5CC99941C1B4}.Release|Any CPU.Build.0 = Release|Any CPU
	EndGlobalSection
	GlobalSection(SolutionProperties) = preSolution
		HideSolutionNode = FALSE
	EndGlobalSection
	GlobalSection(ExtensibilityGlobals) = postSolution
		SolutionGuid = {B4563A0B-B4A9-48DC-A4A1-6AFB097C8DDA}
	EndGlobalSection
EndGlobal
